
Microsoft Visual Studio Solution File, Format Version 12.00
# Visual Studio Version 16
VisualStudioVersion = 16.0.31613.86
MinimumVisualStudioVersion = 10.0.40219.1
Project("{FAE04EC0-301F-11D3-BF4B-00C04F79EFBC}") = "BaseDados", "BaseDados\BaseDados.csproj", "{EE263EC4-BF29-4406-A03F-94198B6E859E}"
EndProject
Global
	GlobalSection(SolutionConfigurationPlatforms) = preSolution
		Debug|Any CPU = Debug|Any CPU
		Release|Any CPU = Release|Any CPU
	EndGlobalSection
	GlobalSection(ProjectConfigurationPlatforms) = postSolution
		{EE263EC4-BF29-4406-A03F-94198B6E859E}.Debug|Any CPU.ActiveCfg = Debug|Any CPU
		{EE263EC4-BF29-4406-A03F-94198B6E859E}.Debug|Any CPU.Build.0 = Debug|Any CPU
		{EE263EC4-BF29-4406-A03F-94198B6E859E}.Release|Any CPU.ActiveCfg = Release|Any CPU
		{EE263EC4-BF29-4406-A03F-94198B6E859E}.Release|Any CPU.Build.0 = Release|Any CPU
	EndGlobalSection
	GlobalSection(SolutionProperties) = preSolution
		HideSolutionNode = FALSE
	EndGlobalSection
	GlobalSection(ExtensibilityGlobals) = postSolution
		SolutionGuid = {47D51714-ECE3-4C38-AD5D-A3D36908F433}
	EndGlobalSection
EndGlobal
